
Microsoft Visual Studio Solution File, Format Version 12.00
# Visual Studio 14
VisualStudioVersion = 14.0.23107.0
MinimumVisualStudioVersion = 10.0.40219.1
Project("{FAE04EC0-301F-11D3-BF4B-00C04F79EFBC}") = "SourceWrestlingSchool", "SourceWrestlingSchool\SourceWrestlingSchool.csproj", "{27AC4D8B-D53D-42CD-83F6-7F7479E21EB1}"
EndProject
Project("{FAE04EC0-301F-11D3-BF4B-00C04F79EFBC}") = "SourceWrestlingSchool.Tests", "SourceWrestlingSchool.Tests\SourceWrestlingSchool.Tests.csproj", "{402B4D62-4B40-4B5F-86EC-655BA0260CFC}"
EndProject
Global
	GlobalSection(SolutionConfigurationPlatforms) = preSolution
		Debug|Any CPU = Debug|Any CPU
		Release|Any CPU = Release|Any CPU
	EndGlobalSection
	GlobalSection(ProjectConfigurationPlatforms) = postSolution
		{27AC4D8B-D53D-42CD-83F6-7F7479E21EB1}.Debug|Any CPU.ActiveCfg = Debug|Any CPU
		{27AC4D8B-D53D-42CD-83F6-7F7479E21EB1}.Debug|Any CPU.Build.0 = Debug|Any CPU
		{27AC4D8B-D53D-42CD-83F6-7F7479E21EB1}.Release|Any CPU.ActiveCfg = Release|Any CPU
		{27AC4D8B-D53D-42CD-83F6-7F7479E21EB1}.Release|Any CPU.Build.0 = Release|Any CPU
		{402B4D62-4B40-4B5F-86EC-655BA0260CFC}.Debug|Any CPU.ActiveCfg = Debug|Any CPU
		{402B4D62-4B40-4B5F-86EC-655BA0260CFC}.Debug|Any CPU.Build.0 = Debug|Any CPU
		{402B4D62-4B40-4B5F-86EC-655BA0260CFC}.Release|Any CPU.ActiveCfg = Release|Any CPU
		{402B4D62-4B40-4B5F-86EC-655BA0260CFC}.Release|Any CPU.Build.0 = Release|Any CPU
	EndGlobalSection
	GlobalSection(SolutionProperties) = preSolution
		HideSolutionNode = FALSE
	EndGlobalSection
EndGlobal
